{
  "version": 2,
  "dependencies": {
    ".NETStandard,Version=v2.1": {
      "KyuzanInc.Turnkey.Sdk": {
        "type": "Direct",
        "requested": "[0.1.0-alpha.0, 0.1.0-alpha.0]",
        "resolved": "0.1.0-alpha.0",
        "contentHash": "IWT1D50Bg+tyOPxR/9hG4XKDfxZ01sm7852rXhuYsk7vpXmgSPiHM+6U045iHtv8PR52wfmBYbC4dBTBO9xMoQ==",
        "dependencies": {
          "BouncyCastle.Cryptography": "[2.5.0]",
          "System.Text.Json": "8.0.5"
        }
      },
      "Microsoft.Extensions.Http": {
        "type": "Direct",
        "requested": "[8.0.1, )",
        "resolved": "8.0.1",
        "contentHash": "kDYeKJUzh0qeg/AI+nSr3ffthmXYQTEb0nS9qRC7YhSbbuN4M4NPbaB77AJwtkTnCV9XZ7qYj3dkZaNcyl73EA==",
        "dependencies": {
          "Microsoft.Extensions.Configuration.Abstractions": "8.0.0",
          "Microsoft.Extensions.DependencyInjection.Abstractions": "8.0.2",
          "Microsoft.Extensions.Logging": "8.0.1",
          "Microsoft.Extensions.Logging.Abstractions": "8.0.2",
          "Microsoft.Extensions.Options": "8.0.2"
        }
      },
      "Microsoft.Extensions.Logging.Abstractions": {
        "type": "Direct",
        "requested": "[8.0.2, )",
        "resolved": "8.0.2",
        "contentHash": "nroMDjS7hNBPtkZqVBbSiQaQjWRDxITI8Y7XnDs97rqG3EbzVTNLZQf7bIeUJcaHOV8bca47s1Uxq94+2oGdxA==",
        "dependencies": {
          "Microsoft.Extensions.DependencyInjection.Abstractions": "8.0.2",
          "System.Buffers": "4.5.1",
          "System.Diagnostics.DiagnosticSource": "8.0.1",
          "System.Memory": "4.5.5"
        }
      },
      "Newtonsoft.Json": {
        "type": "Direct",
        "requested": "[13.0.3, )",
        "resolved": "13.0.3",
        "contentHash": "HrC5BXdl00IP9zeV+0Z848QWPAoCr9P3bDEZguI+gkLcBKAOxix/tLEAAHC+UvDNPv4a2d18lOReHMOagPa+zQ=="
      },
      "System.ComponentModel.Annotations": {
        "type": "Direct",
        "requested": "[5.0.0, )",
        "resolved": "5.0.0",
        "contentHash": "dMkqfy2el8A8/I76n2Hi1oBFEbG1SfxD2l5nhwXV3XjlnOmwxJlQbYpJH4W51odnU9sARCSAgv7S3CyAFMkpYg=="
      },
      "System.Text.Json": {
        "type": "Direct",
        "requested": "[10.0.8, )",
        "resolved": "10.0.8",
        "contentHash": "/fysUDkD7oFGaRPoA7IaFs0wRoO3GlwlCNq2P+xWZqxLy1R4cktRSKfMjJDy9ymS4grL7IDVdt8de8L9a0z55Q==",
        "dependencies": {
          "Microsoft.Bcl.AsyncInterfaces": "10.0.8",
          "System.Buffers": "4.6.1",
          "System.IO.Pipelines": "10.0.8",
          "System.Memory": "4.6.3",
          "System.Runtime.CompilerServices.Unsafe": "6.1.2",
          "System.Text.Encodings.Web": "10.0.8",
          "System.Threading.Tasks.Extensions": "4.6.3"
        }
      },
      "BouncyCastle.Cryptography": {
        "type": "Transitive",
        "resolved": "2.5.0",
        "contentHash": "rc7vRCq/KD3GtIwSgRtjanGaBwTb9nLenFDZnEcauWlssuuEoxcbMfWA3QWWho6QDMSOSkWjs657McdHzEtEcw=="
      },
      "Microsoft.Bcl.AsyncInterfaces": {
        "type": "Transitive",
        "resolved": "10.0.8",
        "contentHash": "e+kYYRb0HmNo5FTOcjXkP0mIEFHEyygm4ea/iLWpdumsACzCH078nZMfnk6RQFmtSrnNbh654c8nNtmUSwQoow=="
      },
      "Microsoft.Extensions.Configuration.Abstractions": {
        "type": "Transitive",
        "resolved": "8.0.0",
        "contentHash": "3lE/iLSutpgX1CC0NOW70FJoGARRHbyKmG7dc0klnUZ9Dd9hS6N/POPWhKhMLCEuNN5nXEY5agmlFtH562vqhQ==",
        "dependencies": {
          "Microsoft.Extensions.Primitives": "8.0.0"
        }
      },
      "Microsoft.Extensions.DependencyInjection": {
        "type": "Transitive",
        "resolved": "8.0.1",
        "contentHash": "BmANAnR5Xd4Oqw7yQ75xOAYODybZQRzdeNucg7kS5wWKd2PNnMdYtJ2Vciy0QLylRmv42DGl5+AFL9izA6F1Rw==",
        "dependencies": {
          "Microsoft.Extensions.DependencyInjection.Abstractions": "8.0.2"
        }
      },
      "Microsoft.Extensions.DependencyInjection.Abstractions": {
        "type": "Transitive",
        "resolved": "8.0.2",
        "contentHash": "3iE7UF7MQkCv1cxzCahz+Y/guQbTqieyxyaWKhrRO91itI9cOKO76OHeQDahqG4MmW5umr3CcCvGmK92lWNlbg=="
      },
      "Microsoft.Extensions.Logging": {
        "type": "Transitive",
        "resolved": "8.0.1",
        "contentHash": "4x+pzsQEbqxhNf1QYRr5TDkLP9UsLT3A6MdRKDDEgrW7h1ljiEPgTNhKYUhNCCAaVpQECVQ+onA91PTPnIp6Lw==",
        "dependencies": {
          "Microsoft.Extensions.DependencyInjection": "8.0.1",
          "Microsoft.Extensions.Logging.Abstractions": "8.0.2",
          "Microsoft.Extensions.Options": "8.0.2",
          "System.Diagnostics.DiagnosticSource": "8.0.1"
        }
      },
      "Microsoft.Extensions.Options": {
        "type": "Transitive",
        "resolved": "8.0.2",
        "contentHash": "dWGKvhFybsaZpGmzkGCbNNwBD1rVlWzrZKANLW/CcbFJpCEceMCGzT7zZwHOGBCbwM0SzBuceMj5HN1LKV1QqA==",
        "dependencies": {
          "Microsoft.Extensions.DependencyInjection.Abstractions": "8.0.0",
          "Microsoft.Extensions.Primitives": "8.0.0",
          "System.ComponentModel.Annotations": "5.0.0"
        }
      },
      "Microsoft.Extensions.Primitives": {
        "type": "Transitive",
        "resolved": "8.0.0",
        "contentHash": "bXJEZrW9ny8vjMF1JV253WeLhpEVzFo1lyaZu1vQ4ZxWUlVvknZ/+ftFgVheLubb4eZPSwwxBeqS1JkCOjxd8g==",
        "dependencies": {
          "System.Memory": "4.5.5",
          "System.Runtime.CompilerServices.Unsafe": "6.0.0"
        }
      },
      "Polly": {
        "type": "Transitive",
        "resolved": "8.1.0",
        "contentHash": "EeCJCjxX/Czm6sjnEWbeCBfogYHLcPNEL6yJT5nZzT0U78sizhTYhY2l5aXxTD+DWeVRLZtkUHqWp7ij+tvYCQ==",
        "dependencies": {
          "Polly.Core": "8.1.0"
        }
      },
      "Polly.Core": {
        "type": "Transitive",
        "resolved": "8.1.0",
        "contentHash": "M9Mlim+I9QNP/Hu6SuWMTUFnjQPvYViGk1IAJyvdl85zNedmos8Yzx74/xPa+TEi3uof3H1xQLwAzWebhEvEYw==",
        "dependencies": {
          "Microsoft.Bcl.AsyncInterfaces": "6.0.0",
          "System.ComponentModel.Annotations": "4.5.0",
          "System.Threading.Tasks.Extensions": "4.5.4"
        }
      },
      "RestSharp": {
        "type": "Transitive",
        "resolved": "112.0.0",
        "contentHash": "vezxJ6DLk0eDx+rmXwVHQvJ3elZCJfnLd8neRrkA+IvTs9falf2CEAolsjI1YKkkHTOvG13xWTnHK7gU0zgaaw==",
        "dependencies": {
          "System.Text.Json": "8.0.4"
        }
      },
      "System.Buffers": {
        "type": "Transitive",
        "resolved": "4.6.1",
        "contentHash": "N8GXpmiLMtljq7gwvyS+1QvKT/W2J8sNAvx+HVg4NGmsG/H+2k/y9QI23auLJRterrzCiDH+IWAw4V/GPwsMlw=="
      },
      "System.Diagnostics.DiagnosticSource": {
        "type": "Transitive",
        "resolved": "8.0.1",
        "contentHash": "vaoWjvkG1aenR2XdjaVivlCV9fADfgyhW5bZtXT23qaEea0lWiUljdQuze4E31vKM7ZWJaSUsbYIKE3rnzfZUg==",
        "dependencies": {
          "System.Memory": "4.5.5",
          "System.Runtime.CompilerServices.Unsafe": "6.0.0"
        }
      },
      "System.IO.Pipelines": {
        "type": "Transitive",
        "resolved": "10.0.8",
        "contentHash": "STVNTIVd+UrYvSo31D2tOOTs19IThdjGDN14FS3/NZb4PWsVakAg/VT4sq+JYWGP/GtazzvXwebWL6LPBAwnFQ==",
        "dependencies": {
          "System.Buffers": "4.6.1",
          "System.Memory": "4.6.3",
          "System.Threading.Tasks.Extensions": "4.6.3"
        }
      },
      "System.Memory": {
        "type": "Transitive",
        "resolved": "4.6.3",
        "contentHash": "qdcDOgnFZY40+Q9876JUHnlHu7bosOHX8XISRoH94fwk6hgaeQGSgfZd8srWRZNt5bV9ZW2TljcegDNxsf+96A=="
      },
      "System.Runtime.CompilerServices.Unsafe": {
        "type": "Transitive",
        "resolved": "6.1.2",
        "contentHash": "2hBr6zdbIBTDE3EhK7NSVNdX58uTK6iHW/P/Axmm9sl1xoGSLqDvMtpecn226TNwHByFokYwJmt/aQQNlO5CRw=="
      },
      "System.Text.Encodings.Web": {
        "type": "Transitive",
        "resolved": "10.0.8",
        "contentHash": "HvFIJXM/CMTRu6PBQmjukQZ/O32Vx5fOEYZs0kq0OD5s9vJQ19KHLWCVmnfh3gNC7pbYomm06tzOTgJBflr/nQ==",
        "dependencies": {
          "System.Buffers": "4.6.1",
          "System.Memory": "4.6.3",
          "System.Runtime.CompilerServices.Unsafe": "6.1.2"
        }
      },
      "System.Threading.Tasks.Extensions": {
        "type": "Transitive",
        "resolved": "4.6.3",
        "contentHash": "7sCiwilJLYbTZELaKnc7RecBBXWXA+xMLQWZKWawBxYjp6DBlSE3v9/UcvKBvr1vv2tTOhipiogM8rRmxlhrVA=="
      },
      "kyuzaninc.peak.publicapiclient": {
        "type": "Project",
        "dependencies": {
          "Newtonsoft.Json": "[13.0.3, 13.0.3]",
          "Polly": "[8.1.0, 8.1.0]",
          "RestSharp": "[112.0.0, 112.0.0]",
          "System.ComponentModel.Annotations": "[5.0.0, 5.0.0]"
        }
      }
    },
    "net8.0": {
      "KyuzanInc.Turnkey.Sdk": {
        "type": "Direct",
        "requested": "[0.1.0-alpha.0, 0.1.0-alpha.0]",
        "resolved": "0.1.0-alpha.0",
        "contentHash": "IWT1D50Bg+tyOPxR/9hG4XKDfxZ01sm7852rXhuYsk7vpXmgSPiHM+6U045iHtv8PR52wfmBYbC4dBTBO9xMoQ==",
        "dependencies": {
          "BouncyCastle.Cryptography": "[2.5.0]",
          "System.Text.Json": "8.0.5"
        }
      },
      "Microsoft.Extensions.Http": {
        "type": "Direct",
        "requested": "[8.0.1, )",
        "resolved": "8.0.1",
        "contentHash": "kDYeKJUzh0qeg/AI+nSr3ffthmXYQTEb0nS9qRC7YhSbbuN4M4NPbaB77AJwtkTnCV9XZ7qYj3dkZaNcyl73EA==",
        "dependencies": {
          "Microsoft.Extensions.Configuration.Abstractions": "8.0.0",
          "Microsoft.Extensions.DependencyInjection.Abstractions": "8.0.2",
          "Microsoft.Extensions.Diagnostics": "8.0.1",
          "Microsoft.Extensions.Logging": "8.0.1",
          "Microsoft.Extensions.Logging.Abstractions": "8.0.2",
          "Microsoft.Extensions.Options": "8.0.2"
        }
      },
      "Microsoft.Extensions.Logging.Abstractions": {
        "type": "Direct",
        "requested": "[8.0.2, )",
        "resolved": "8.0.2",
        "contentHash": "nroMDjS7hNBPtkZqVBbSiQaQjWRDxITI8Y7XnDs97rqG3EbzVTNLZQf7bIeUJcaHOV8bca47s1Uxq94+2oGdxA==",
        "dependencies": {
          "Microsoft.Extensions.DependencyInjection.Abstractions": "8.0.2"
        }
      },
      "Newtonsoft.Json": {
        "type": "Direct",
        "requested": "[13.0.3, )",
        "resolved": "13.0.3",
        "contentHash": "HrC5BXdl00IP9zeV+0Z848QWPAoCr9P3bDEZguI+gkLcBKAOxix/tLEAAHC+UvDNPv4a2d18lOReHMOagPa+zQ=="
      },
      "System.ComponentModel.Annotations": {
        "type": "Direct",
        "requested": "[5.0.0, )",
        "resolved": "5.0.0",
        "contentHash": "dMkqfy2el8A8/I76n2Hi1oBFEbG1SfxD2l5nhwXV3XjlnOmwxJlQbYpJH4W51odnU9sARCSAgv7S3CyAFMkpYg=="
      },
      "System.Text.Json": {
        "type": "Direct",
        "requested": "[10.0.8, )",
        "resolved": "10.0.8",
        "contentHash": "/fysUDkD7oFGaRPoA7IaFs0wRoO3GlwlCNq2P+xWZqxLy1R4cktRSKfMjJDy9ymS4grL7IDVdt8de8L9a0z55Q==",
        "dependencies": {
          "System.IO.Pipelines": "10.0.8",
          "System.Text.Encodings.Web": "10.0.8"
        }
      },
      "BouncyCastle.Cryptography": {
        "type": "Transitive",
        "resolved": "2.5.0",
        "contentHash": "rc7vRCq/KD3GtIwSgRtjanGaBwTb9nLenFDZnEcauWlssuuEoxcbMfWA3QWWho6QDMSOSkWjs657McdHzEtEcw=="
      },
      "Microsoft.Extensions.Configuration": {
        "type": "Transitive",
        "resolved": "8.0.0",
        "contentHash": "0J/9YNXTMWSZP2p2+nvl8p71zpSwokZXZuJW+VjdErkegAnFdO1XlqtA62SJtgVYHdKu3uPxJHcMR/r35HwFBA==",
        "dependencies": {
          "Microsoft.Extensions.Configuration.Abstractions": "8.0.0",
          "Microsoft.Extensions.Primitives": "8.0.0"
        }
      },
      "Microsoft.Extensions.Configuration.Abstractions": {
        "type": "Transitive",
        "resolved": "8.0.0",
        "contentHash": "3lE/iLSutpgX1CC0NOW70FJoGARRHbyKmG7dc0klnUZ9Dd9hS6N/POPWhKhMLCEuNN5nXEY5agmlFtH562vqhQ==",
        "dependencies": {
          "Microsoft.Extensions.Primitives": "8.0.0"
        }
      },
      "Microsoft.Extensions.Configuration.Binder": {
        "type": "Transitive",
        "resolved": "8.0.0",
        "contentHash": "mBMoXLsr5s1y2zOHWmKsE9veDcx8h1x/c3rz4baEdQKTeDcmQAPNbB54Pi/lhFO3K431eEq6PFbMgLaa6PHFfA==",
        "dependencies": {
          "Microsoft.Extensions.Configuration.Abstractions": "8.0.0"
        }
      },
      "Microsoft.Extensions.DependencyInjection": {
        "type": "Transitive",
        "resolved": "8.0.1",
        "contentHash": "BmANAnR5Xd4Oqw7yQ75xOAYODybZQRzdeNucg7kS5wWKd2PNnMdYtJ2Vciy0QLylRmv42DGl5+AFL9izA6F1Rw==",
        "dependencies": {
          "Microsoft.Extensions.DependencyInjection.Abstractions": "8.0.2"
        }
      },
      "Microsoft.Extensions.DependencyInjection.Abstractions": {
        "type": "Transitive",
        "resolved": "8.0.2",
        "contentHash": "3iE7UF7MQkCv1cxzCahz+Y/guQbTqieyxyaWKhrRO91itI9cOKO76OHeQDahqG4MmW5umr3CcCvGmK92lWNlbg=="
      },
      "Microsoft.Extensions.Diagnostics": {
        "type": "Transitive",
        "resolved": "8.0.1",
        "contentHash": "doVPCUUCY7c6LhBsEfiy3W1bvS7Mi6LkfQMS8nlC22jZWNxBv8VO8bdfeyvpYFst6Kxqk7HBC6lytmEoBssvSQ==",
        "dependencies": {
          "Microsoft.Extensions.Configuration": "8.0.0",
          "Microsoft.Extensions.Diagnostics.Abstractions": "8.0.1",
          "Microsoft.Extensions.Options.ConfigurationExtensions": "8.0.0"
        }
      },
      "Microsoft.Extensions.Diagnostics.Abstractions": {
        "type": "Transitive",
        "resolved": "8.0.1",
        "contentHash": "elH2vmwNmsXuKmUeMQ4YW9ldXiF+gSGDgg1vORksob5POnpaI6caj1Hu8zaYbEuibhqCoWg0YRWDazBY3zjBfg==",
        "dependencies": {
          "Microsoft.Extensions.DependencyInjection.Abstractions": "8.0.2",
          "Microsoft.Extensions.Options": "8.0.2"
        }
      },
      "Microsoft.Extensions.Logging": {
        "type": "Transitive",
        "resolved": "8.0.1",
        "contentHash": "4x+pzsQEbqxhNf1QYRr5TDkLP9UsLT3A6MdRKDDEgrW7h1ljiEPgTNhKYUhNCCAaVpQECVQ+onA91PTPnIp6Lw==",
        "dependencies": {
          "Microsoft.Extensions.DependencyInjection": "8.0.1",
          "Microsoft.Extensions.Logging.Abstractions": "8.0.2",
          "Microsoft.Extensions.Options": "8.0.2"
        }
      },
      "Microsoft.Extensions.Options": {
        "type": "Transitive",
        "resolved": "8.0.2",
        "contentHash": "dWGKvhFybsaZpGmzkGCbNNwBD1rVlWzrZKANLW/CcbFJpCEceMCGzT7zZwHOGBCbwM0SzBuceMj5HN1LKV1QqA==",
        "dependencies": {
          "Microsoft.Extensions.DependencyInjection.Abstractions": "8.0.0",
          "Microsoft.Extensions.Primitives": "8.0.0"
        }
      },
      "Microsoft.Extensions.Options.ConfigurationExtensions": {
        "type": "Transitive",
        "resolved": "8.0.0",
        "contentHash": "0f4DMRqEd50zQh+UyJc+/HiBsZ3vhAQALgdkcQEalSH1L2isdC7Yj54M3cyo5e+BeO5fcBQ7Dxly8XiBBcvRgw==",
        "dependencies": {
          "Microsoft.Extensions.Configuration.Abstractions": "8.0.0",
          "Microsoft.Extensions.Configuration.Binder": "8.0.0",
          "Microsoft.Extensions.DependencyInjection.Abstractions": "8.0.0",
          "Microsoft.Extensions.Options": "8.0.0",
          "Microsoft.Extensions.Primitives": "8.0.0"
        }
      },
      "Microsoft.Extensions.Primitives": {
        "type": "Transitive",
        "resolved": "8.0.0",
        "contentHash": "bXJEZrW9ny8vjMF1JV253WeLhpEVzFo1lyaZu1vQ4ZxWUlVvknZ/+ftFgVheLubb4eZPSwwxBeqS1JkCOjxd8g=="
      },
      "Polly": {
        "type": "Transitive",
        "resolved": "8.1.0",
        "contentHash": "EeCJCjxX/Czm6sjnEWbeCBfogYHLcPNEL6yJT5nZzT0U78sizhTYhY2l5aXxTD+DWeVRLZtkUHqWp7ij+tvYCQ==",
        "dependencies": {
          "Polly.Core": "8.1.0"
        }
      },
      "Polly.Core": {
        "type": "Transitive",
        "resolved": "8.1.0",
        "contentHash": "M9Mlim+I9QNP/Hu6SuWMTUFnjQPvYViGk1IAJyvdl85zNedmos8Yzx74/xPa+TEi3uof3H1xQLwAzWebhEvEYw=="
      },
      "RestSharp": {
        "type": "Transitive",
        "resolved": "112.0.0",
        "contentHash": "vezxJ6DLk0eDx+rmXwVHQvJ3elZCJfnLd8neRrkA+IvTs9falf2CEAolsjI1YKkkHTOvG13xWTnHK7gU0zgaaw=="
      },
      "System.IO.Pipelines": {
        "type": "Transitive",
        "resolved": "10.0.8",
        "contentHash": "STVNTIVd+UrYvSo31D2tOOTs19IThdjGDN14FS3/NZb4PWsVakAg/VT4sq+JYWGP/GtazzvXwebWL6LPBAwnFQ=="
      },
      "System.Text.Encodings.Web": {
        "type": "Transitive",
        "resolved": "10.0.8",
        "contentHash": "HvFIJXM/CMTRu6PBQmjukQZ/O32Vx5fOEYZs0kq0OD5s9vJQ19KHLWCVmnfh3gNC7pbYomm06tzOTgJBflr/nQ=="
      },
      "kyuzaninc.peak.publicapiclient": {
        "type": "Project",
        "dependencies": {
          "Newtonsoft.Json": "[13.0.3, 13.0.3]",
          "Polly": "[8.1.0, 8.1.0]",
          "RestSharp": "[112.0.0, 112.0.0]",
          "System.ComponentModel.Annotations": "[5.0.0, 5.0.0]"
        }
      }
    },
    "net8.0-windows7.0": {
      "KyuzanInc.Turnkey.Sdk": {
        "type": "Direct",
        "requested": "[0.1.0-alpha.0, 0.1.0-alpha.0]",
        "resolved": "0.1.0-alpha.0",
        "contentHash": "IWT1D50Bg+tyOPxR/9hG4XKDfxZ01sm7852rXhuYsk7vpXmgSPiHM+6U045iHtv8PR52wfmBYbC4dBTBO9xMoQ==",
        "dependencies": {
          "BouncyCastle.Cryptography": "[2.5.0]",
          "System.Text.Json": "8.0.5"
        }
      },
      "Microsoft.Extensions.Http": {
        "type": "Direct",
        "requested": "[8.0.1, )",
        "resolved": "8.0.1",
        "contentHash": "kDYeKJUzh0qeg/AI+nSr3ffthmXYQTEb0nS9qRC7YhSbbuN4M4NPbaB77AJwtkTnCV9XZ7qYj3dkZaNcyl73EA==",
        "dependencies": {
          "Microsoft.Extensions.Configuration.Abstractions": "8.0.0",
          "Microsoft.Extensions.DependencyInjection.Abstractions": "8.0.2",
          "Microsoft.Extensions.Diagnostics": "8.0.1",
          "Microsoft.Extensions.Logging": "8.0.1",
          "Microsoft.Extensions.Logging.Abstractions": "8.0.2",
          "Microsoft.Extensions.Options": "8.0.2"
        }
      },
      "Microsoft.Extensions.Logging.Abstractions": {
        "type": "Direct",
        "requested": "[8.0.2, )",
        "resolved": "8.0.2",
        "contentHash": "nroMDjS7hNBPtkZqVBbSiQaQjWRDxITI8Y7XnDs97rqG3EbzVTNLZQf7bIeUJcaHOV8bca47s1Uxq94+2oGdxA==",
        "dependencies": {
          "Microsoft.Extensions.DependencyInjection.Abstractions": "8.0.2"
        }
      },
      "Newtonsoft.Json": {
        "type": "Direct",
        "requested": "[13.0.3, )",
        "resolved": "13.0.3",
        "contentHash": "HrC5BXdl00IP9zeV+0Z848QWPAoCr9P3bDEZguI+gkLcBKAOxix/tLEAAHC+UvDNPv4a2d18lOReHMOagPa+zQ=="
      },
      "System.ComponentModel.Annotations": {
        "type": "Direct",
        "requested": "[5.0.0, )",
        "resolved": "5.0.0",
        "contentHash": "dMkqfy2el8A8/I76n2Hi1oBFEbG1SfxD2l5nhwXV3XjlnOmwxJlQbYpJH4W51odnU9sARCSAgv7S3CyAFMkpYg=="
      },
      "System.Security.Cryptography.ProtectedData": {
        "type": "Direct",
        "requested": "[8.0.0, )",
        "resolved": "8.0.0",
        "contentHash": "+TUFINV2q2ifyXauQXRwy4CiBhqvDEDZeVJU7qfxya4aRYOKzVBpN+4acx25VcPB9ywUN6C0n8drWl110PhZEg=="
      },
      "System.Text.Json": {
        "type": "Direct",
        "requested": "[10.0.8, )",
        "resolved": "10.0.8",
        "contentHash": "/fysUDkD7oFGaRPoA7IaFs0wRoO3GlwlCNq2P+xWZqxLy1R4cktRSKfMjJDy9ymS4grL7IDVdt8de8L9a0z55Q==",
        "dependencies": {
          "System.IO.Pipelines": "10.0.8",
          "System.Text.Encodings.Web": "10.0.8"
        }
      },
      "BouncyCastle.Cryptography": {
        "type": "Transitive",
        "resolved": "2.5.0",
        "contentHash": "rc7vRCq/KD3GtIwSgRtjanGaBwTb9nLenFDZnEcauWlssuuEoxcbMfWA3QWWho6QDMSOSkWjs657McdHzEtEcw=="
      },
      "Microsoft.Extensions.Configuration": {
        "type": "Transitive",
        "resolved": "8.0.0",
        "contentHash": "0J/9YNXTMWSZP2p2+nvl8p71zpSwokZXZuJW+VjdErkegAnFdO1XlqtA62SJtgVYHdKu3uPxJHcMR/r35HwFBA==",
        "dependencies": {
          "Microsoft.Extensions.Configuration.Abstractions": "8.0.0",
          "Microsoft.Extensions.Primitives": "8.0.0"
        }
      },
      "Microsoft.Extensions.Configuration.Abstractions": {
        "type": "Transitive",
        "resolved": "8.0.0",
        "contentHash": "3lE/iLSutpgX1CC0NOW70FJoGARRHbyKmG7dc0klnUZ9Dd9hS6N/POPWhKhMLCEuNN5nXEY5agmlFtH562vqhQ==",
        "dependencies": {
          "Microsoft.Extensions.Primitives": "8.0.0"
        }
      },
      "Microsoft.Extensions.Configuration.Binder": {
        "type": "Transitive",
        "resolved": "8.0.0",
        "contentHash": "mBMoXLsr5s1y2zOHWmKsE9veDcx8h1x/c3rz4baEdQKTeDcmQAPNbB54Pi/lhFO3K431eEq6PFbMgLaa6PHFfA==",
        "dependencies": {
          "Microsoft.Extensions.Configuration.Abstractions": "8.0.0"
        }
      },
      "Microsoft.Extensions.DependencyInjection": {
        "type": "Transitive",
        "resolved": "8.0.1",
        "contentHash": "BmANAnR5Xd4Oqw7yQ75xOAYODybZQRzdeNucg7kS5wWKd2PNnMdYtJ2Vciy0QLylRmv42DGl5+AFL9izA6F1Rw==",
        "dependencies": {
          "Microsoft.Extensions.DependencyInjection.Abstractions": "8.0.2"
        }
      },
      "Microsoft.Extensions.DependencyInjection.Abstractions": {
        "type": "Transitive",
        "resolved": "8.0.2",
        "contentHash": "3iE7UF7MQkCv1cxzCahz+Y/guQbTqieyxyaWKhrRO91itI9cOKO76OHeQDahqG4MmW5umr3CcCvGmK92lWNlbg=="
      },
      "Microsoft.Extensions.Diagnostics": {
        "type": "Transitive",
        "resolved": "8.0.1",
        "contentHash": "doVPCUUCY7c6LhBsEfiy3W1bvS7Mi6LkfQMS8nlC22jZWNxBv8VO8bdfeyvpYFst6Kxqk7HBC6lytmEoBssvSQ==",
        "dependencies": {
          "Microsoft.Extensions.Configuration": "8.0.0",
          "Microsoft.Extensions.Diagnostics.Abstractions": "8.0.1",
          "Microsoft.Extensions.Options.ConfigurationExtensions": "8.0.0"
        }
      },
      "Microsoft.Extensions.Diagnostics.Abstractions": {
        "type": "Transitive",
        "resolved": "8.0.1",
        "contentHash": "elH2vmwNmsXuKmUeMQ4YW9ldXiF+gSGDgg1vORksob5POnpaI6caj1Hu8zaYbEuibhqCoWg0YRWDazBY3zjBfg==",
        "dependencies": {
          "Microsoft.Extensions.DependencyInjection.Abstractions": "8.0.2",
          "Microsoft.Extensions.Options": "8.0.2"
        }
      },
      "Microsoft.Extensions.Logging": {
        "type": "Transitive",
        "resolved": "8.0.1",
        "contentHash": "4x+pzsQEbqxhNf1QYRr5TDkLP9UsLT3A6MdRKDDEgrW7h1ljiEPgTNhKYUhNCCAaVpQECVQ+onA91PTPnIp6Lw==",
        "dependencies": {
          "Microsoft.Extensions.DependencyInjection": "8.0.1",
          "Microsoft.Extensions.Logging.Abstractions": "8.0.2",
          "Microsoft.Extensions.Options": "8.0.2"
        }
      },
      "Microsoft.Extensions.Options": {
        "type": "Transitive",
        "resolved": "8.0.2",
        "contentHash": "dWGKvhFybsaZpGmzkGCbNNwBD1rVlWzrZKANLW/CcbFJpCEceMCGzT7zZwHOGBCbwM0SzBuceMj5HN1LKV1QqA==",
        "dependencies": {
          "Microsoft.Extensions.DependencyInjection.Abstractions": "8.0.0",
          "Microsoft.Extensions.Primitives": "8.0.0"
        }
      },
      "Microsoft.Extensions.Options.ConfigurationExtensions": {
        "type": "Transitive",
        "resolved": "8.0.0",
        "contentHash": "0f4DMRqEd50zQh+UyJc+/HiBsZ3vhAQALgdkcQEalSH1L2isdC7Yj54M3cyo5e+BeO5fcBQ7Dxly8XiBBcvRgw==",
        "dependencies": {
          "Microsoft.Extensions.Configuration.Abstractions": "8.0.0",
          "Microsoft.Extensions.Configuration.Binder": "8.0.0",
          "Microsoft.Extensions.DependencyInjection.Abstractions": "8.0.0",
          "Microsoft.Extensions.Options": "8.0.0",
          "Microsoft.Extensions.Primitives": "8.0.0"
        }
      },
      "Microsoft.Extensions.Primitives": {
        "type": "Transitive",
        "resolved": "8.0.0",
        "contentHash": "bXJEZrW9ny8vjMF1JV253WeLhpEVzFo1lyaZu1vQ4ZxWUlVvknZ/+ftFgVheLubb4eZPSwwxBeqS1JkCOjxd8g=="
      },
      "Polly": {
        "type": "Transitive",
        "resolved": "8.1.0",
        "contentHash": "EeCJCjxX/Czm6sjnEWbeCBfogYHLcPNEL6yJT5nZzT0U78sizhTYhY2l5aXxTD+DWeVRLZtkUHqWp7ij+tvYCQ==",
        "dependencies": {
          "Polly.Core": "8.1.0"
        }
      },
      "Polly.Core": {
        "type": "Transitive",
        "resolved": "8.1.0",
        "contentHash": "M9Mlim+I9QNP/Hu6SuWMTUFnjQPvYViGk1IAJyvdl85zNedmos8Yzx74/xPa+TEi3uof3H1xQLwAzWebhEvEYw=="
      },
      "RestSharp": {
        "type": "Transitive",
        "resolved": "112.0.0",
        "contentHash": "vezxJ6DLk0eDx+rmXwVHQvJ3elZCJfnLd8neRrkA+IvTs9falf2CEAolsjI1YKkkHTOvG13xWTnHK7gU0zgaaw=="
      },
      "System.IO.Pipelines": {
        "type": "Transitive",
        "resolved": "10.0.8",
        "contentHash": "STVNTIVd+UrYvSo31D2tOOTs19IThdjGDN14FS3/NZb4PWsVakAg/VT4sq+JYWGP/GtazzvXwebWL6LPBAwnFQ=="
      },
      "System.Text.Encodings.Web": {
        "type": "Transitive",
        "resolved": "10.0.8",
        "contentHash": "HvFIJXM/CMTRu6PBQmjukQZ/O32Vx5fOEYZs0kq0OD5s9vJQ19KHLWCVmnfh3gNC7pbYomm06tzOTgJBflr/nQ=="
      },
      "kyuzaninc.peak.publicapiclient": {
        "type": "Project",
        "dependencies": {
          "Newtonsoft.Json": "[13.0.3, 13.0.3]",
          "Polly": "[8.1.0, 8.1.0]",
          "RestSharp": "[112.0.0, 112.0.0]",
          "System.ComponentModel.Annotations": "[5.0.0, 5.0.0]"
        }
      }
    }
  }
}