{
  "version": 2,
  "dependencies": {
    ".NETStandard,Version=v2.1": {
      "Newtonsoft.Json": {
        "type": "Direct",
        "requested": "[13.0.3, 13.0.3]",
        "resolved": "13.0.3",
        "contentHash": "HrC5BXdl00IP9zeV+0Z848QWPAoCr9P3bDEZguI+gkLcBKAOxix/tLEAAHC+UvDNPv4a2d18lOReHMOagPa+zQ=="
      },
      "Polly": {
        "type": "Direct",
        "requested": "[8.1.0, 8.1.0]",
        "resolved": "8.1.0",
        "contentHash": "EeCJCjxX/Czm6sjnEWbeCBfogYHLcPNEL6yJT5nZzT0U78sizhTYhY2l5aXxTD+DWeVRLZtkUHqWp7ij+tvYCQ==",
        "dependencies": {
          "Polly.Core": "8.1.0"
        }
      },
      "RestSharp": {
        "type": "Direct",
        "requested": "[112.0.0, 112.0.0]",
        "resolved": "112.0.0",
        "contentHash": "vezxJ6DLk0eDx+rmXwVHQvJ3elZCJfnLd8neRrkA+IvTs9falf2CEAolsjI1YKkkHTOvG13xWTnHK7gU0zgaaw==",
        "dependencies": {
          "System.Text.Json": "8.0.4"
        }
      },
      "System.ComponentModel.Annotations": {
        "type": "Direct",
        "requested": "[5.0.0, 5.0.0]",
        "resolved": "5.0.0",
        "contentHash": "dMkqfy2el8A8/I76n2Hi1oBFEbG1SfxD2l5nhwXV3XjlnOmwxJlQbYpJH4W51odnU9sARCSAgv7S3CyAFMkpYg=="
      },
      "Microsoft.Bcl.AsyncInterfaces": {
        "type": "Transitive",
        "resolved": "8.0.0",
        "contentHash": "3WA9q9yVqJp222P3x1wYIGDAkpjAku0TMUaaQV22g6L67AI0LdOIrVS7Ht2vJfLHGSPVuqN94vIr15qn+HEkHw=="
      },
      "Polly.Core": {
        "type": "Transitive",
        "resolved": "8.1.0",
        "contentHash": "M9Mlim+I9QNP/Hu6SuWMTUFnjQPvYViGk1IAJyvdl85zNedmos8Yzx74/xPa+TEi3uof3H1xQLwAzWebhEvEYw==",
        "dependencies": {
          "Microsoft.Bcl.AsyncInterfaces": "6.0.0",
          "System.ComponentModel.Annotations": "4.5.0",
          "System.Threading.Tasks.Extensions": "4.5.4"
        }
      },
      "System.Buffers": {
        "type": "Transitive",
        "resolved": "4.5.1",
        "contentHash": "Rw7ijyl1qqRS0YQD/WycNst8hUUMgrMH4FCn1nNm27M4VxchZ1js3fVjQaANHO5f3sN4isvP4a+Met9Y4YomAg=="
      },
      "System.Memory": {
        "type": "Transitive",
        "resolved": "4.5.5",
        "contentHash": "XIWiDvKPXaTveaB7HVganDlOCRoj03l+jrwNvcge/t8vhGYKvqV+dMv6G4SAX2NoNmN0wZfVPTAlFwZcZvVOUw==",
        "dependencies": {
          "System.Buffers": "4.5.1",
          "System.Numerics.Vectors": "4.4.0",
          "System.Runtime.CompilerServices.Unsafe": "4.5.3"
        }
      },
      "System.Numerics.Vectors": {
        "type": "Transitive",
        "resolved": "4.4.0",
        "contentHash": "UiLzLW+Lw6HLed1Hcg+8jSRttrbuXv7DANVj0DkL9g6EnnzbL75EB7EWsw5uRbhxd/4YdG8li5XizGWepmG3PQ=="
      },
      "System.Runtime.CompilerServices.Unsafe": {
        "type": "Transitive",
        "resolved": "6.0.0",
        "contentHash": "/iUeP3tq1S0XdNNoMz5C9twLSrM/TH+qElHkXWaPvuNOt+99G75NrV0OS2EqHx5wMN7popYjpc8oTjC1y16DLg=="
      },
      "System.Text.Encodings.Web": {
        "type": "Transitive",
        "resolved": "8.0.0",
        "contentHash": "yev/k9GHAEGx2Rg3/tU6MQh4HGBXJs70y7j1LaM1i/ER9po+6nnQ6RRqTJn1E7Xu0fbIFK80Nh5EoODxrbxwBQ==",
        "dependencies": {
          "System.Buffers": "4.5.1",
          "System.Memory": "4.5.5",
          "System.Runtime.CompilerServices.Unsafe": "6.0.0"
        }
      },
      "System.Threading.Tasks.Extensions": {
        "type": "Transitive",
        "resolved": "4.5.4",
        "contentHash": "zteT+G8xuGu6mS+mzDzYXbzS7rd3K6Fjb9RiZlYlJPam2/hU7JCBZBVEcywNuR+oZ1ncTvc/cq0faRr3P01OVg==",
        "dependencies": {
          "System.Runtime.CompilerServices.Unsafe": "4.5.3"
        }
      },
      "System.Text.Json": {
        "type": "CentralTransitive",
        "requested": "[8.0.5, )",
        "resolved": "8.0.5",
        "contentHash": "0f1B50Ss7rqxXiaBJyzUu9bWFOO2/zSlifZ/UNMdiIpDYe4cY4LQQicP4nirK1OS31I43rn062UIJ1Q9bpmHpg==",
        "dependencies": {
          "Microsoft.Bcl.AsyncInterfaces": "8.0.0",
          "System.Buffers": "4.5.1",
          "System.Memory": "4.5.5",
          "System.Runtime.CompilerServices.Unsafe": "6.0.0",
          "System.Text.Encodings.Web": "8.0.0",
          "System.Threading.Tasks.Extensions": "4.5.4"
        }
      }
    },
    "net8.0": {
      "Newtonsoft.Json": {
        "type": "Direct",
        "requested": "[13.0.3, 13.0.3]",
        "resolved": "13.0.3",
        "contentHash": "HrC5BXdl00IP9zeV+0Z848QWPAoCr9P3bDEZguI+gkLcBKAOxix/tLEAAHC+UvDNPv4a2d18lOReHMOagPa+zQ=="
      },
      "Polly": {
        "type": "Direct",
        "requested": "[8.1.0, 8.1.0]",
        "resolved": "8.1.0",
        "contentHash": "EeCJCjxX/Czm6sjnEWbeCBfogYHLcPNEL6yJT5nZzT0U78sizhTYhY2l5aXxTD+DWeVRLZtkUHqWp7ij+tvYCQ==",
        "dependencies": {
          "Polly.Core": "8.1.0"
        }
      },
      "RestSharp": {
        "type": "Direct",
        "requested": "[112.0.0, 112.0.0]",
        "resolved": "112.0.0",
        "contentHash": "vezxJ6DLk0eDx+rmXwVHQvJ3elZCJfnLd8neRrkA+IvTs9falf2CEAolsjI1YKkkHTOvG13xWTnHK7gU0zgaaw=="
      },
      "System.ComponentModel.Annotations": {
        "type": "Direct",
        "requested": "[5.0.0, 5.0.0]",
        "resolved": "5.0.0",
        "contentHash": "dMkqfy2el8A8/I76n2Hi1oBFEbG1SfxD2l5nhwXV3XjlnOmwxJlQbYpJH4W51odnU9sARCSAgv7S3CyAFMkpYg=="
      },
      "Polly.Core": {
        "type": "Transitive",
        "resolved": "8.1.0",
        "contentHash": "M9Mlim+I9QNP/Hu6SuWMTUFnjQPvYViGk1IAJyvdl85zNedmos8Yzx74/xPa+TEi3uof3H1xQLwAzWebhEvEYw=="
      }
    }
  }
}